
Microsoft Visual Studio Solution File, Format Version 11.00
# Visual Studio 2010
Project("{8BC9CEB8-8B4A-11D0-8D11-00A0C91BC942}") = "kMule", "emule_vc10.vcxproj", "{584EA69D-3443-4197-8994-364880FC1B9B}"
EndProject
Project("{8BC9CEB8-8B4A-11D0-8D11-00A0C91BC942}") = "zlib_vc10", "..\zlib\zlib_vc10.vcxproj", "{0520C60D-0A55-4663-B30B-8C63614285E2}"
EndProject
Project("{8BC9CEB8-8B4A-11D0-8D11-00A0C91BC942}") = "cryptlib_vc10", "..\crypto51\cryptlib_vc10.vcxproj", "{8F35755E-A34C-4268-B92F-11738B0FCBC4}"
EndProject
Project("{8BC9CEB8-8B4A-11D0-8D11-00A0C91BC942}") = "ResizableLib_vc10", "..\ResizableLib\ResizableLib_vc10.vcxproj", "{B6D79E70-4C31-455B-BE51-7B2D5F40A840}"
EndProject
Project("{8BC9CEB8-8B4A-11D0-8D11-00A0C91BC942}") = "libpng_vc10", "..\png\projects\visualc10\libpng.vcxproj", "{83677040-F94B-15F9-D1F6-E005AFCD0803}"
EndProject
Project("{8BC9CEB8-8B4A-11D0-8D11-00A0C91BC942}") = "CxImage_vc10", "..\CxImage\cximage_vc10.vcxproj", "{B437B84A-B4B0-4389-BF5B-7E25FD9DCF3D}"
EndProject
Project("{8BC9CEB8-8B4A-11D0-8D11-00A0C91BC942}") = "miniupnpc_vc10", "..\miniupnpc\miniupnpc_vc10.vcxproj", "{CC763AB0-5EBF-4A3F-884D-F5E2D12E12F3}"
EndProject
Project("{8BC9CEB8-8B4A-11D0-8D11-00A0C91BC942}") = "id3lib_vc10", "..\id3lib\libprj\id3lib_vc10.vcxproj", "{4AACBF8D-B90F-41AD-A5BE-D5E557C668E3}"
EndProject
Project("{2150E333-8FDC-42A3-9474-1A3956D46DE8}") = "Languages", "Languages", "{2F50C65A-AB15-4AB4-B6A7-DA0956DBD090}"
EndProject
Global
	GlobalSection(SolutionConfigurationPlatforms) = preSolution
		Debug Static|Win32 = Debug Static|Win32
		Debug|Win32 = Debug|Win32
		DLL Debug|Win32 = DLL Debug|Win32
		DLL Release|Win32 = DLL Release|Win32
		DLL VB|Win32 = DLL VB|Win32
		DLL-Import Debug|Win32 = DLL-Import Debug|Win32
		DLL-Import Release|Win32 = DLL-Import Release|Win32
		LIB Debug|Win32 = LIB Debug|Win32
		LIB Release|Win32 = LIB Release|Win32
		Release Static|Win32 = Release Static|Win32
		Release|Win32 = Release|Win32
		ReleaseUnicode|Win32 = ReleaseUnicode|Win32
		Template|Win32 = Template|Win32
		testversion|Win32 = testversion|Win32
		Unicode_Debug|Win32 = Unicode_Debug|Win32
		Unicode_Release|Win32 = Unicode_Release|Win32
	EndGlobalSection
	GlobalSection(ProjectConfigurationPlatforms) = postSolution
		{584EA69D-3443-4197-8994-364880FC1B9B}.Debug Static|Win32.ActiveCfg = Debug|Win32
		{584EA69D-3443-4197-8994-364880FC1B9B}.Debug Static|Win32.Build.0 = Debug|Win32
		{584EA69D-3443-4197-8994-364880FC1B9B}.Debug|Win32.ActiveCfg = Debug|Win32
		{584EA69D-3443-4197-8994-364880FC1B9B}.Debug|Win32.Build.0 = Debug|Win32
		{584EA69D-3443-4197-8994-364880FC1B9B}.DLL Debug|Win32.ActiveCfg = Debug|Win32
		{584EA69D-3443-4197-8994-364880FC1B9B}.DLL Debug|Win32.Build.0 = Debug|Win32
		{584EA69D-3443-4197-8994-364880FC1B9B}.DLL Release|Win32.ActiveCfg = Release|Win32
		{584EA69D-3443-4197-8994-364880FC1B9B}.DLL Release|Win32.Build.0 = Release|Win32
		{584EA69D-3443-4197-8994-364880FC1B9B}.DLL VB|Win32.ActiveCfg = Debug|Win32
		{584EA69D-3443-4197-8994-364880FC1B9B}.DLL VB|Win32.Build.0 = Debug|Win32
		{584EA69D-3443-4197-8994-364880FC1B9B}.DLL-Import Debug|Win32.ActiveCfg = Debug|Win32
		{584EA69D-3443-4197-8994-364880FC1B9B}.DLL-Import Debug|Win32.Build.0 = Debug|Win32
		{584EA69D-3443-4197-8994-364880FC1B9B}.DLL-Import Release|Win32.ActiveCfg = Release|Win32
		{584EA69D-3443-4197-8994-364880FC1B9B}.DLL-Import Release|Win32.Build.0 = Release|Win32
		{584EA69D-3443-4197-8994-364880FC1B9B}.LIB Debug|Win32.ActiveCfg = Debug|Win32
		{584EA69D-3443-4197-8994-364880FC1B9B}.LIB Debug|Win32.Build.0 = Debug|Win32
		{584EA69D-3443-4197-8994-364880FC1B9B}.LIB Release|Win32.ActiveCfg = Release|Win32
		{584EA69D-3443-4197-8994-364880FC1B9B}.LIB Release|Win32.Build.0 = Release|Win32
		{584EA69D-3443-4197-8994-364880FC1B9B}.Release Static|Win32.ActiveCfg = Release|Win32
		{584EA69D-3443-4197-8994-364880FC1B9B}.Release Static|Win32.Build.0 = Release|Win32
		{584EA69D-3443-4197-8994-364880FC1B9B}.Release|Win32.ActiveCfg = Release|Win32
		{584EA69D-3443-4197-8994-364880FC1B9B}.Release|Win32.Build.0 = Release|Win32
		{584EA69D-3443-4197-8994-364880FC1B9B}.ReleaseUnicode|Win32.ActiveCfg = Release|Win32
		{584EA69D-3443-4197-8994-364880FC1B9B}.ReleaseUnicode|Win32.Build.0 = Release|Win32
		{584EA69D-3443-4197-8994-364880FC1B9B}.Template|Win32.ActiveCfg = Template|Win32
		{584EA69D-3443-4197-8994-364880FC1B9B}.Template|Win32.Build.0 = Template|Win32
		{584EA69D-3443-4197-8994-364880FC1B9B}.testversion|Win32.ActiveCfg = Template|Win32
		{584EA69D-3443-4197-8994-364880FC1B9B}.testversion|Win32.Build.0 = Template|Win32
		{584EA69D-3443-4197-8994-364880FC1B9B}.Unicode_Debug|Win32.ActiveCfg = Debug|Win32
		{584EA69D-3443-4197-8994-364880FC1B9B}.Unicode_Debug|Win32.Build.0 = Debug|Win32
		{584EA69D-3443-4197-8994-364880FC1B9B}.Unicode_Release|Win32.ActiveCfg = Release|Win32
		{584EA69D-3443-4197-8994-364880FC1B9B}.Unicode_Release|Win32.Build.0 = Release|Win32
		{0520C60D-0A55-4663-B30B-8C63614285E2}.Debug Static|Win32.ActiveCfg = Debug|Win32
		{0520C60D-0A55-4663-B30B-8C63614285E2}.Debug Static|Win32.Build.0 = Debug|Win32
		{0520C60D-0A55-4663-B30B-8C63614285E2}.Debug|Win32.ActiveCfg = Debug|Win32
		{0520C60D-0A55-4663-B30B-8C63614285E2}.Debug|Win32.Build.0 = Debug|Win32
		{0520C60D-0A55-4663-B30B-8C63614285E2}.DLL Debug|Win32.ActiveCfg = Debug|Win32
		{0520C60D-0A55-4663-B30B-8C63614285E2}.DLL Debug|Win32.Build.0 = Debug|Win32
		{0520C60D-0A55-4663-B30B-8C63614285E2}.DLL Release|Win32.ActiveCfg = Release|Win32
		{0520C60D-0A55-4663-B30B-8C63614285E2}.DLL Release|Win32.Build.0 = Release|Win32
		{0520C60D-0A55-4663-B30B-8C63614285E2}.DLL VB|Win32.ActiveCfg = Debug|Win32
		{0520C60D-0A55-4663-B30B-8C63614285E2}.DLL VB|Win32.Build.0 = Debug|Win32
		{0520C60D-0A55-4663-B30B-8C63614285E2}.DLL-Import Debug|Win32.ActiveCfg = Debug|Win32
		{0520C60D-0A55-4663-B30B-8C63614285E2}.DLL-Import Debug|Win32.Build.0 = Debug|Win32
		{0520C60D-0A55-4663-B30B-8C63614285E2}.DLL-Import Release|Win32.ActiveCfg = Release|Win32
		{0520C60D-0A55-4663-B30B-8C63614285E2}.DLL-Import Release|Win32.Build.0 = Release|Win32
		{0520C60D-0A55-4663-B30B-8C63614285E2}.LIB Debug|Win32.ActiveCfg = Debug|Win32
		{0520C60D-0A55-4663-B30B-8C63614285E2}.LIB Debug|Win32.Build.0 = Debug|Win32
		{0520C60D-0A55-4663-B30B-8C63614285E2}.LIB Release|Win32.ActiveCfg = Release|Win32
		{0520C60D-0A55-4663-B30B-8C63614285E2}.LIB Release|Win32.Build.0 = Release|Win32
		{0520C60D-0A55-4663-B30B-8C63614285E2}.Release Static|Win32.ActiveCfg = Release|Win32
		{0520C60D-0A55-4663-B30B-8C63614285E2}.Release Static|Win32.Build.0 = Release|Win32
		{0520C60D-0A55-4663-B30B-8C63614285E2}.Release|Win32.ActiveCfg = Release|Win32
		{0520C60D-0A55-4663-B30B-8C63614285E2}.Release|Win32.Build.0 = Release|Win32
		{0520C60D-0A55-4663-B30B-8C63614285E2}.ReleaseUnicode|Win32.ActiveCfg = Release|Win32
		{0520C60D-0A55-4663-B30B-8C63614285E2}.ReleaseUnicode|Win32.Build.0 = Release|Win32
		{0520C60D-0A55-4663-B30B-8C63614285E2}.Template|Win32.ActiveCfg = Release|Win32
		{0520C60D-0A55-4663-B30B-8C63614285E2}.Template|Win32.Build.0 = Release|Win32
		{0520C60D-0A55-4663-B30B-8C63614285E2}.testversion|Win32.ActiveCfg = Release|Win32
		{0520C60D-0A55-4663-B30B-8C63614285E2}.testversion|Win32.Build.0 = Release|Win32
		{0520C60D-0A55-4663-B30B-8C63614285E2}.Unicode_Debug|Win32.ActiveCfg = Debug|Win32
		{0520C60D-0A55-4663-B30B-8C63614285E2}.Unicode_Debug|Win32.Build.0 = Debug|Win32
		{0520C60D-0A55-4663-B30B-8C63614285E2}.Unicode_Release|Win32.ActiveCfg = Release|Win32
		{0520C60D-0A55-4663-B30B-8C63614285E2}.Unicode_Release|Win32.Build.0 = Release|Win32
		{8F35755E-A34C-4268-B92F-11738B0FCBC4}.Debug Static|Win32.ActiveCfg = Debug|Win32
		{8F35755E-A34C-4268-B92F-11738B0FCBC4}.Debug Static|Win32.Build.0 = Debug|Win32
		{8F35755E-A34C-4268-B92F-11738B0FCBC4}.Debug|Win32.ActiveCfg = Debug|Win32
		{8F35755E-A34C-4268-B92F-11738B0FCBC4}.Debug|Win32.Build.0 = Debug|Win32
		{8F35755E-A34C-4268-B92F-11738B0FCBC4}.DLL Debug|Win32.ActiveCfg = Debug|Win32
		{8F35755E-A34C-4268-B92F-11738B0FCBC4}.DLL Debug|Win32.Build.0 = Debug|Win32
		{8F35755E-A34C-4268-B92F-11738B0FCBC4}.DLL Release|Win32.ActiveCfg = Release|Win32
		{8F35755E-A34C-4268-B92F-11738B0FCBC4}.DLL Release|Win32.Build.0 = Release|Win32
		{8F35755E-A34C-4268-B92F-11738B0FCBC4}.DLL VB|Win32.ActiveCfg = DLL-Import Release|Win32
		{8F35755E-A34C-4268-B92F-11738B0FCBC4}.DLL VB|Win32.Build.0 = DLL-Import Release|Win32
		{8F35755E-A34C-4268-B92F-11738B0FCBC4}.DLL-Import Debug|Win32.ActiveCfg = DLL-Import Debug|Win32
		{8F35755E-A34C-4268-B92F-11738B0FCBC4}.DLL-Import Debug|Win32.Build.0 = DLL-Import Debug|Win32
		{8F35755E-A34C-4268-B92F-11738B0FCBC4}.DLL-Import Release|Win32.ActiveCfg = DLL-Import Release|Win32
		{8F35755E-A34C-4268-B92F-11738B0FCBC4}.DLL-Import Release|Win32.Build.0 = DLL-Import Release|Win32
		{8F35755E-A34C-4268-B92F-11738B0FCBC4}.LIB Debug|Win32.ActiveCfg = Debug|Win32
		{8F35755E-A34C-4268-B92F-11738B0FCBC4}.LIB Debug|Win32.Build.0 = Debug|Win32
		{8F35755E-A34C-4268-B92F-11738B0FCBC4}.LIB Release|Win32.ActiveCfg = Release|Win32
		{8F35755E-A34C-4268-B92F-11738B0FCBC4}.LIB Release|Win32.Build.0 = Release|Win32
		{8F35755E-A34C-4268-B92F-11738B0FCBC4}.Release Static|Win32.ActiveCfg = Release|Win32
		{8F35755E-A34C-4268-B92F-11738B0FCBC4}.Release Static|Win32.Build.0 = Release|Win32
		{8F35755E-A34C-4268-B92F-11738B0FCBC4}.Release|Win32.ActiveCfg = Release|Win32
		{8F35755E-A34C-4268-B92F-11738B0FCBC4}.Release|Win32.Build.0 = Release|Win32
		{8F35755E-A34C-4268-B92F-11738B0FCBC4}.ReleaseUnicode|Win32.ActiveCfg = Release|Win32
		{8F35755E-A34C-4268-B92F-11738B0FCBC4}.ReleaseUnicode|Win32.Build.0 = Release|Win32
		{8F35755E-A34C-4268-B92F-11738B0FCBC4}.Template|Win32.ActiveCfg = Release|Win32
		{8F35755E-A34C-4268-B92F-11738B0FCBC4}.Template|Win32.Build.0 = Release|Win32
		{8F35755E-A34C-4268-B92F-11738B0FCBC4}.testversion|Win32.ActiveCfg = Release|Win32
		{8F35755E-A34C-4268-B92F-11738B0FCBC4}.testversion|Win32.Build.0 = Release|Win32
		{8F35755E-A34C-4268-B92F-11738B0FCBC4}.Unicode_Debug|Win32.ActiveCfg = Debug|Win32
		{8F35755E-A34C-4268-B92F-11738B0FCBC4}.Unicode_Debug|Win32.Build.0 = Debug|Win32
		{8F35755E-A34C-4268-B92F-11738B0FCBC4}.Unicode_Release|Win32.ActiveCfg = Release|Win32
		{8F35755E-A34C-4268-B92F-11738B0FCBC4}.Unicode_Release|Win32.Build.0 = Release|Win32
		{B6D79E70-4C31-455B-BE51-7B2D5F40A840}.Debug Static|Win32.ActiveCfg = Debug Static|Win32
		{B6D79E70-4C31-455B-BE51-7B2D5F40A840}.Debug Static|Win32.Build.0 = Debug Static|Win32
		{B6D79E70-4C31-455B-BE51-7B2D5F40A840}.Debug|Win32.ActiveCfg = Debug|Win32
		{B6D79E70-4C31-455B-BE51-7B2D5F40A840}.Debug|Win32.Build.0 = Debug|Win32
		{B6D79E70-4C31-455B-BE51-7B2D5F40A840}.DLL Debug|Win32.ActiveCfg = Debug|Win32
		{B6D79E70-4C31-455B-BE51-7B2D5F40A840}.DLL Debug|Win32.Build.0 = Debug|Win32
		{B6D79E70-4C31-455B-BE51-7B2D5F40A840}.DLL Release|Win32.ActiveCfg = Release|Win32
		{B6D79E70-4C31-455B-BE51-7B2D5F40A840}.DLL Release|Win32.Build.0 = Release|Win32
		{B6D79E70-4C31-455B-BE51-7B2D5F40A840}.DLL VB|Win32.ActiveCfg = Debug|Win32
		{B6D79E70-4C31-455B-BE51-7B2D5F40A840}.DLL VB|Win32.Build.0 = Debug|Win32
		{B6D79E70-4C31-455B-BE51-7B2D5F40A840}.DLL-Import Debug|Win32.ActiveCfg = Debug|Win32
		{B6D79E70-4C31-455B-BE51-7B2D5F40A840}.DLL-Import Debug|Win32.Build.0 = Debug|Win32
		{B6D79E70-4C31-455B-BE51-7B2D5F40A840}.DLL-Import Release|Win32.ActiveCfg = Release|Win32
		{B6D79E70-4C31-455B-BE51-7B2D5F40A840}.DLL-Import Release|Win32.Build.0 = Release|Win32
		{B6D79E70-4C31-455B-BE51-7B2D5F40A840}.LIB Debug|Win32.ActiveCfg = Debug|Win32
		{B6D79E70-4C31-455B-BE51-7B2D5F40A840}.LIB Debug|Win32.Build.0 = Debug|Win32
		{B6D79E70-4C31-455B-BE51-7B2D5F40A840}.LIB Release|Win32.ActiveCfg = Release|Win32
		{B6D79E70-4C31-455B-BE51-7B2D5F40A840}.LIB Release|Win32.Build.0 = Release|Win32
		{B6D79E70-4C31-455B-BE51-7B2D5F40A840}.Release Static|Win32.ActiveCfg = Release Static|Win32
		{B6D79E70-4C31-455B-BE51-7B2D5F40A840}.Release Static|Win32.Build.0 = Release Static|Win32
		{B6D79E70-4C31-455B-BE51-7B2D5F40A840}.Release|Win32.ActiveCfg = Release|Win32
		{B6D79E70-4C31-455B-BE51-7B2D5F40A840}.Release|Win32.Build.0 = Release|Win32
		{B6D79E70-4C31-455B-BE51-7B2D5F40A840}.ReleaseUnicode|Win32.ActiveCfg = ReleaseUnicode|Win32
		{B6D79E70-4C31-455B-BE51-7B2D5F40A840}.ReleaseUnicode|Win32.Build.0 = ReleaseUnicode|Win32
		{B6D79E70-4C31-455B-BE51-7B2D5F40A840}.Template|Win32.ActiveCfg = testversion|Win32
		{B6D79E70-4C31-455B-BE51-7B2D5F40A840}.Template|Win32.Build.0 = testversion|Win32
		{B6D79E70-4C31-455B-BE51-7B2D5F40A840}.testversion|Win32.ActiveCfg = testversion|Win32
		{B6D79E70-4C31-455B-BE51-7B2D5F40A840}.testversion|Win32.Build.0 = testversion|Win32
		{B6D79E70-4C31-455B-BE51-7B2D5F40A840}.Unicode_Debug|Win32.ActiveCfg = Unicode_Debug|Win32
		{B6D79E70-4C31-455B-BE51-7B2D5F40A840}.Unicode_Debug|Win32.Build.0 = Unicode_Debug|Win32
		{B6D79E70-4C31-455B-BE51-7B2D5F40A840}.Unicode_Release|Win32.ActiveCfg = Unicode_Release|Win32
		{B6D79E70-4C31-455B-BE51-7B2D5F40A840}.Unicode_Release|Win32.Build.0 = Unicode_Release|Win32
		{83677040-F94B-15F9-D1F6-E005AFCD0803}.Debug Static|Win32.ActiveCfg = DLL VB|Win32
		{83677040-F94B-15F9-D1F6-E005AFCD0803}.Debug Static|Win32.Build.0 = DLL VB|Win32
		{83677040-F94B-15F9-D1F6-E005AFCD0803}.Debug|Win32.ActiveCfg = LIB Debug|Win32
		{83677040-F94B-15F9-D1F6-E005AFCD0803}.Debug|Win32.Build.0 = LIB Debug|Win32
		{83677040-F94B-15F9-D1F6-E005AFCD0803}.DLL Debug|Win32.ActiveCfg = DLL Debug|Win32
		{83677040-F94B-15F9-D1F6-E005AFCD0803}.DLL Debug|Win32.Build.0 = DLL Debug|Win32
		{83677040-F94B-15F9-D1F6-E005AFCD0803}.DLL Release|Win32.ActiveCfg = DLL Release|Win32
		{83677040-F94B-15F9-D1F6-E005AFCD0803}.DLL Release|Win32.Build.0 = DLL Release|Win32
		{83677040-F94B-15F9-D1F6-E005AFCD0803}.DLL VB|Win32.ActiveCfg = DLL VB|Win32
		{83677040-F94B-15F9-D1F6-E005AFCD0803}.DLL VB|Win32.Build.0 = DLL VB|Win32
		{83677040-F94B-15F9-D1F6-E005AFCD0803}.DLL-Import Debug|Win32.ActiveCfg = DLL VB|Win32
		{83677040-F94B-15F9-D1F6-E005AFCD0803}.DLL-Import Debug|Win32.Build.0 = DLL VB|Win32
		{83677040-F94B-15F9-D1F6-E005AFCD0803}.DLL-Import Release|Win32.ActiveCfg = DLL VB|Win32
		{83677040-F94B-15F9-D1F6-E005AFCD0803}.DLL-Import Release|Win32.Build.0 = DLL VB|Win32
		{83677040-F94B-15F9-D1F6-E005AFCD0803}.LIB Debug|Win32.ActiveCfg = LIB Debug|Win32
		{83677040-F94B-15F9-D1F6-E005AFCD0803}.LIB Debug|Win32.Build.0 = LIB Debug|Win32
		{83677040-F94B-15F9-D1F6-E005AFCD0803}.LIB Release|Win32.ActiveCfg = LIB Release|Win32
		{83677040-F94B-15F9-D1F6-E005AFCD0803}.LIB Release|Win32.Build.0 = LIB Release|Win32
		{83677040-F94B-15F9-D1F6-E005AFCD0803}.Release Static|Win32.ActiveCfg = LIB Release|Win32
		{83677040-F94B-15F9-D1F6-E005AFCD0803}.Release Static|Win32.Build.0 = LIB Release|Win32
		{83677040-F94B-15F9-D1F6-E005AFCD0803}.Release|Win32.ActiveCfg = LIB Release|Win32
		{83677040-F94B-15F9-D1F6-E005AFCD0803}.Release|Win32.Build.0 = LIB Release|Win32
		{83677040-F94B-15F9-D1F6-E005AFCD0803}.ReleaseUnicode|Win32.ActiveCfg = LIB Release|Win32
		{83677040-F94B-15F9-D1F6-E005AFCD0803}.ReleaseUnicode|Win32.Build.0 = LIB Release|Win32
		{83677040-F94B-15F9-D1F6-E005AFCD0803}.Template|Win32.ActiveCfg = LIB Release|Win32
		{83677040-F94B-15F9-D1F6-E005AFCD0803}.Template|Win32.Build.0 = LIB Release|Win32
		{83677040-F94B-15F9-D1F6-E005AFCD0803}.testversion|Win32.ActiveCfg = LIB Release|Win32
		{83677040-F94B-15F9-D1F6-E005AFCD0803}.testversion|Win32.Build.0 = LIB Release|Win32
		{83677040-F94B-15F9-D1F6-E005AFCD0803}.Unicode_Debug|Win32.ActiveCfg = LIB Release|Win32
		{83677040-F94B-15F9-D1F6-E005AFCD0803}.Unicode_Debug|Win32.Build.0 = LIB Release|Win32
		{83677040-F94B-15F9-D1F6-E005AFCD0803}.Unicode_Release|Win32.ActiveCfg = LIB Release|Win32
		{83677040-F94B-15F9-D1F6-E005AFCD0803}.Unicode_Release|Win32.Build.0 = LIB Release|Win32
		{B437B84A-B4B0-4389-BF5B-7E25FD9DCF3D}.Debug Static|Win32.ActiveCfg = Debug|Win32
		{B437B84A-B4B0-4389-BF5B-7E25FD9DCF3D}.Debug Static|Win32.Build.0 = Debug|Win32
		{B437B84A-B4B0-4389-BF5B-7E25FD9DCF3D}.Debug|Win32.ActiveCfg = Debug|Win32
		{B437B84A-B4B0-4389-BF5B-7E25FD9DCF3D}.Debug|Win32.Build.0 = Debug|Win32
		{B437B84A-B4B0-4389-BF5B-7E25FD9DCF3D}.DLL Debug|Win32.ActiveCfg = Debug|Win32
		{B437B84A-B4B0-4389-BF5B-7E25FD9DCF3D}.DLL Debug|Win32.Build.0 = Debug|Win32
		{B437B84A-B4B0-4389-BF5B-7E25FD9DCF3D}.DLL Release|Win32.ActiveCfg = Release|Win32
		{B437B84A-B4B0-4389-BF5B-7E25FD9DCF3D}.DLL Release|Win32.Build.0 = Release|Win32
		{B437B84A-B4B0-4389-BF5B-7E25FD9DCF3D}.DLL VB|Win32.ActiveCfg = Debug|Win32
		{B437B84A-B4B0-4389-BF5B-7E25FD9DCF3D}.DLL VB|Win32.Build.0 = Debug|Win32
		{B437B84A-B4B0-4389-BF5B-7E25FD9DCF3D}.DLL-Import Debug|Win32.ActiveCfg = Debug|Win32
		{B437B84A-B4B0-4389-BF5B-7E25FD9DCF3D}.DLL-Import Debug|Win32.Build.0 = Debug|Win32
		{B437B84A-B4B0-4389-BF5B-7E25FD9DCF3D}.DLL-Import Release|Win32.ActiveCfg = Release|Win32
		{B437B84A-B4B0-4389-BF5B-7E25FD9DCF3D}.DLL-Import Release|Win32.Build.0 = Release|Win32
		{B437B84A-B4B0-4389-BF5B-7E25FD9DCF3D}.LIB Debug|Win32.ActiveCfg = Debug|Win32
		{B437B84A-B4B0-4389-BF5B-7E25FD9DCF3D}.LIB Debug|Win32.Build.0 = Debug|Win32
		{B437B84A-B4B0-4389-BF5B-7E25FD9DCF3D}.LIB Release|Win32.ActiveCfg = Release|Win32
		{B437B84A-B4B0-4389-BF5B-7E25FD9DCF3D}.LIB Release|Win32.Build.0 = Release|Win32
		{B437B84A-B4B0-4389-BF5B-7E25FD9DCF3D}.Release Static|Win32.ActiveCfg = Release|Win32
		{B437B84A-B4B0-4389-BF5B-7E25FD9DCF3D}.Release Static|Win32.Build.0 = Release|Win32
		{B437B84A-B4B0-4389-BF5B-7E25FD9DCF3D}.Release|Win32.ActiveCfg = Release|Win32
		{B437B84A-B4B0-4389-BF5B-7E25FD9DCF3D}.Release|Win32.Build.0 = Release|Win32
		{B437B84A-B4B0-4389-BF5B-7E25FD9DCF3D}.ReleaseUnicode|Win32.ActiveCfg = Release|Win32
		{B437B84A-B4B0-4389-BF5B-7E25FD9DCF3D}.ReleaseUnicode|Win32.Build.0 = Release|Win32
		{B437B84A-B4B0-4389-BF5B-7E25FD9DCF3D}.Template|Win32.ActiveCfg = Release|Win32
		{B437B84A-B4B0-4389-BF5B-7E25FD9DCF3D}.Template|Win32.Build.0 = Release|Win32
		{B437B84A-B4B0-4389-BF5B-7E25FD9DCF3D}.testversion|Win32.ActiveCfg = Release|Win32
		{B437B84A-B4B0-4389-BF5B-7E25FD9DCF3D}.testversion|Win32.Build.0 = Release|Win32
		{B437B84A-B4B0-4389-BF5B-7E25FD9DCF3D}.Unicode_Debug|Win32.ActiveCfg = Debug|Win32
		{B437B84A-B4B0-4389-BF5B-7E25FD9DCF3D}.Unicode_Debug|Win32.Build.0 = Debug|Win32
		{B437B84A-B4B0-4389-BF5B-7E25FD9DCF3D}.Unicode_Release|Win32.ActiveCfg = Release|Win32
		{B437B84A-B4B0-4389-BF5B-7E25FD9DCF3D}.Unicode_Release|Win32.Build.0 = Release|Win32
		{CC763AB0-5EBF-4A3F-884D-F5E2D12E12F3}.Debug Static|Win32.ActiveCfg = Debug|Win32
		{CC763AB0-5EBF-4A3F-884D-F5E2D12E12F3}.Debug Static|Win32.Build.0 = Debug|Win32
		{CC763AB0-5EBF-4A3F-884D-F5E2D12E12F3}.Debug|Win32.ActiveCfg = Debug|Win32
		{CC763AB0-5EBF-4A3F-884D-F5E2D12E12F3}.Debug|Win32.Build.0 = Debug|Win32
		{CC763AB0-5EBF-4A3F-884D-F5E2D12E12F3}.DLL Debug|Win32.ActiveCfg = Debug|Win32
		{CC763AB0-5EBF-4A3F-884D-F5E2D12E12F3}.DLL Debug|Win32.Build.0 = Debug|Win32
		{CC763AB0-5EBF-4A3F-884D-F5E2D12E12F3}.DLL Release|Win32.ActiveCfg = Release|Win32
		{CC763AB0-5EBF-4A3F-884D-F5E2D12E12F3}.DLL Release|Win32.Build.0 = Release|Win32
		{CC763AB0-5EBF-4A3F-884D-F5E2D12E12F3}.DLL VB|Win32.ActiveCfg = Debug|Win32
		{CC763AB0-5EBF-4A3F-884D-F5E2D12E12F3}.DLL VB|Win32.Build.0 = Debug|Win32
		{CC763AB0-5EBF-4A3F-884D-F5E2D12E12F3}.DLL-Import Debug|Win32.ActiveCfg = Debug|Win32
		{CC763AB0-5EBF-4A3F-884D-F5E2D12E12F3}.DLL-Import Debug|Win32.Build.0 = Debug|Win32
		{CC763AB0-5EBF-4A3F-884D-F5E2D12E12F3}.DLL-Import Release|Win32.ActiveCfg = Release|Win32
		{CC763AB0-5EBF-4A3F-884D-F5E2D12E12F3}.DLL-Import Release|Win32.Build.0 = Release|Win32
		{CC763AB0-5EBF-4A3F-884D-F5E2D12E12F3}.LIB Debug|Win32.ActiveCfg = Debug|Win32
		{CC763AB0-5EBF-4A3F-884D-F5E2D12E12F3}.LIB Debug|Win32.Build.0 = Debug|Win32
		{CC763AB0-5EBF-4A3F-884D-F5E2D12E12F3}.LIB Release|Win32.ActiveCfg = Release|Win32
		{CC763AB0-5EBF-4A3F-884D-F5E2D12E12F3}.LIB Release|Win32.Build.0 = Release|Win32
		{CC763AB0-5EBF-4A3F-884D-F5E2D12E12F3}.Release Static|Win32.ActiveCfg = Release|Win32
		{CC763AB0-5EBF-4A3F-884D-F5E2D12E12F3}.Release Static|Win32.Build.0 = Release|Win32
		{CC763AB0-5EBF-4A3F-884D-F5E2D12E12F3}.Release|Win32.ActiveCfg = Release|Win32
		{CC763AB0-5EBF-4A3F-884D-F5E2D12E12F3}.Release|Win32.Build.0 = Release|Win32
		{CC763AB0-5EBF-4A3F-884D-F5E2D12E12F3}.ReleaseUnicode|Win32.ActiveCfg = Release|Win32
		{CC763AB0-5EBF-4A3F-884D-F5E2D12E12F3}.ReleaseUnicode|Win32.Build.0 = Release|Win32
		{CC763AB0-5EBF-4A3F-884D-F5E2D12E12F3}.Template|Win32.ActiveCfg = Release|Win32
		{CC763AB0-5EBF-4A3F-884D-F5E2D12E12F3}.Template|Win32.Build.0 = Release|Win32
		{CC763AB0-5EBF-4A3F-884D-F5E2D12E12F3}.testversion|Win32.ActiveCfg = Release|Win32
		{CC763AB0-5EBF-4A3F-884D-F5E2D12E12F3}.testversion|Win32.Build.0 = Release|Win32
		{CC763AB0-5EBF-4A3F-884D-F5E2D12E12F3}.Unicode_Debug|Win32.ActiveCfg = Debug|Win32
		{CC763AB0-5EBF-4A3F-884D-F5E2D12E12F3}.Unicode_Debug|Win32.Build.0 = Debug|Win32
		{CC763AB0-5EBF-4A3F-884D-F5E2D12E12F3}.Unicode_Release|Win32.ActiveCfg = Release|Win32
		{CC763AB0-5EBF-4A3F-884D-F5E2D12E12F3}.Unicode_Release|Win32.Build.0 = Release|Win32
		{4AACBF8D-B90F-41AD-A5BE-D5E557C668E3}.Debug Static|Win32.ActiveCfg = Debug|Win32
		{4AACBF8D-B90F-41AD-A5BE-D5E557C668E3}.Debug Static|Win32.Build.0 = Debug|Win32
		{4AACBF8D-B90F-41AD-A5BE-D5E557C668E3}.Debug|Win32.ActiveCfg = Debug|Win32
		{4AACBF8D-B90F-41AD-A5BE-D5E557C668E3}.Debug|Win32.Build.0 = Debug|Win32
		{4AACBF8D-B90F-41AD-A5BE-D5E557C668E3}.DLL Debug|Win32.ActiveCfg = Debug|Win32
		{4AACBF8D-B90F-41AD-A5BE-D5E557C668E3}.DLL Debug|Win32.Build.0 = Debug|Win32
		{4AACBF8D-B90F-41AD-A5BE-D5E557C668E3}.DLL Release|Win32.ActiveCfg = Release|Win32
		{4AACBF8D-B90F-41AD-A5BE-D5E557C668E3}.DLL Release|Win32.Build.0 = Release|Win32
		{4AACBF8D-B90F-41AD-A5BE-D5E557C668E3}.DLL VB|Win32.ActiveCfg = Debug|Win32
		{4AACBF8D-B90F-41AD-A5BE-D5E557C668E3}.DLL VB|Win32.Build.0 = Debug|Win32
		{4AACBF8D-B90F-41AD-A5BE-D5E557C668E3}.DLL-Import Debug|Win32.ActiveCfg = Debug|Win32
		{4AACBF8D-B90F-41AD-A5BE-D5E557C668E3}.DLL-Import Debug|Win32.Build.0 = Debug|Win32
		{4AACBF8D-B90F-41AD-A5BE-D5E557C668E3}.DLL-Import Release|Win32.ActiveCfg = Release|Win32
		{4AACBF8D-B90F-41AD-A5BE-D5E557C668E3}.DLL-Import Release|Win32.Build.0 = Release|Win32
		{4AACBF8D-B90F-41AD-A5BE-D5E557C668E3}.LIB Debug|Win32.ActiveCfg = Debug|Win32
		{4AACBF8D-B90F-41AD-A5BE-D5E557C668E3}.LIB Debug|Win32.Build.0 = Debug|Win32
		{4AACBF8D-B90F-41AD-A5BE-D5E557C668E3}.LIB Release|Win32.ActiveCfg = Release|Win32
		{4AACBF8D-B90F-41AD-A5BE-D5E557C668E3}.LIB Release|Win32.Build.0 = Release|Win32
		{4AACBF8D-B90F-41AD-A5BE-D5E557C668E3}.Release Static|Win32.ActiveCfg = Release|Win32
		{4AACBF8D-B90F-41AD-A5BE-D5E557C668E3}.Release Static|Win32.Build.0 = Release|Win32
		{4AACBF8D-B90F-41AD-A5BE-D5E557C668E3}.Release|Win32.ActiveCfg = Release|Win32
		{4AACBF8D-B90F-41AD-A5BE-D5E557C668E3}.Release|Win32.Build.0 = Release|Win32
		{4AACBF8D-B90F-41AD-A5BE-D5E557C668E3}.ReleaseUnicode|Win32.ActiveCfg = Release|Win32
		{4AACBF8D-B90F-41AD-A5BE-D5E557C668E3}.ReleaseUnicode|Win32.Build.0 = Release|Win32
		{4AACBF8D-B90F-41AD-A5BE-D5E557C668E3}.Template|Win32.ActiveCfg = Release|Win32
		{4AACBF8D-B90F-41AD-A5BE-D5E557C668E3}.Template|Win32.Build.0 = Release|Win32
		{4AACBF8D-B90F-41AD-A5BE-D5E557C668E3}.testversion|Win32.ActiveCfg = Release|Win32
		{4AACBF8D-B90F-41AD-A5BE-D5E557C668E3}.testversion|Win32.Build.0 = Release|Win32
		{4AACBF8D-B90F-41AD-A5BE-D5E557C668E3}.Unicode_Debug|Win32.ActiveCfg = Debug|Win32
		{4AACBF8D-B90F-41AD-A5BE-D5E557C668E3}.Unicode_Debug|Win32.Build.0 = Debug|Win32
		{4AACBF8D-B90F-41AD-A5BE-D5E557C668E3}.Unicode_Release|Win32.ActiveCfg = Release|Win32
		{4AACBF8D-B90F-41AD-A5BE-D5E557C668E3}.Unicode_Release|Win32.Build.0 = Release|Win32
	EndGlobalSection
	GlobalSection(SolutionProperties) = preSolution
		HideSolutionNode = FALSE
	EndGlobalSection
EndGlobal
